// !$*UTF8*$!
{
	archiveVersion = 1;
	classes = {
	};
	objectVersion = 46;
	objects = {

/* Begin PBXBuildFile section */
		8F13FA5116E73D7100A60718 /* UIKit.framework in Frameworks */ = {isa = PBXBuildFile; fileRef = 8F13FA5016E73D7100A60718 /* UIKit.framework */; };
		8F13FA5316E73D7100A60718 /* Foundation.framework in Frameworks */ = {isa = PBXBuildFile; fileRef = 8F13FA5216E73D7100A60718 /* Foundation.framework */; };
		8F13FA5516E73D7100A60718 /* CoreGraphics.framework in Frameworks */ = {isa = PBXBuildFile; fileRef = 8F13FA5416E73D7100A60718 /* CoreGraphics.framework */; };
		8F13FA5B16E73D7100A60718 /* InfoPlist.strings in Resources */ = {isa = PBXBuildFile; fileRef = 8F13FA5916E73D7100A60718 /* InfoPlist.strings */; };
		8F13FA5D16E73D7100A60718 /* main.m in Sources */ = {isa = PBXBuildFile; fileRef = 8F13FA5C16E73D7100A60718 /* main.m */; };
		8F13FA6116E73D7200A60718 /* AppDelegate.m in Sources */ = {isa = PBXBuildFile; fileRef = 8F13FA6016E73D7200A60718 /* AppDelegate.m */; };
		8F13FA6316E73D7200A60718 /* Default.png in Resources */ = {isa = PBXBuildFile; fileRef = 8F13FA6216E73D7200A60718 /* Default.png */; };
		8F13FA6516E73D7200A60718 /* Default@2x.png in Resources */ = {isa = PBXBuildFile; fileRef = 8F13FA6416E73D7200A60718 /* Default@2x.png */; };
		8F13FA6716E73D7200A60718 /* Default-568h@2x.png in Resources */ = {isa = PBXBuildFile; fileRef = 8F13FA6616E73D7200A60718 /* Default-568h@2x.png */; };
		8F13FA6A16E73D7200A60718 /* MainStoryboard.storyboard in Resources */ = {isa = PBXBuildFile; fileRef = 8F13FA6816E73D7200A60718 /* MainStoryboard.storyboard */; };
		8F13FA6D16E73D7200A60718 /* ViewController.m in Sources */ = {isa = PBXBuildFile; fileRef = 8F13FA6C16E73D7200A60718 /* ViewController.m */; };
		8F13FA7516E73D9100A60718 /* CoreTextArcView.m in Sources */ = {isa = PBXBuildFile; fileRef = 8F13FA7416E73D9100A60718 /* CoreTextArcView.m */; };
		8F13FA7716E73DAA00A60718 /* QuartzCore.framework in Frameworks */ = {isa = PBXBuildFile; fileRef = 8F13FA7616E73DAA00A60718 /* QuartzCore.framework */; };
		8F13FA7916E73DD300A60718 /* CoreText.framework in Frameworks */ = {isa = PBXBuildFile; fileRef = 8F13FA7816E73DD300A60718 /* CoreText.framework */; };
		8F13FA7B16E74AA200A60718 /* blue_circle.png in Resources */ = {isa = PBXBuildFile; fileRef = 8F13FA7A16E74AA200A60718 /* blue_circle.png */; };
/* End PBXBuildFile section */

/* Begin PBXFileReference section */
		8F13FA4C16E73D7100A60718 /* CurvaLabelDemo.app */ = {isa = PBXFileReference; explicitFileType = wrapper.application; includeInIndex = 0; path = CurvaLabelDemo.app; sourceTree = BUILT_PRODUCTS_DIR; };
		8F13FA5016E73D7100A60718 /* UIKit.framework */ = {isa = PBXFileReference; lastKnownFileType = wrapper.framework; name = UIKit.framework; path = System/Library/Frameworks/UIKit.framework; sourceTree = SDKROOT; };
		8F13FA5216E73D7100A60718 /* Foundation.framework */ = {isa = PBXFileReference; lastKnownFileType = wrapper.framework; name = Foundation.framework; path = System/Library/Frameworks/Foundation.framework; sourceTree = SDKROOT; };
		8F13FA5416E73D7100A60718 /* CoreGraphics.framework */ = {isa = PBXFileReference; lastKnownFileType = wrapper.framework; name = CoreGraphics.framework; path = System/Library/Frameworks/CoreGraphics.framework; sourceTree = SDKROOT; };
		8F13FA5816E73D7100A60718 /* CurvaLabelDemo-Info.plist */ = {isa = PBXFileReference; lastKnownFileType = text.plist.xml; path = "CurvaLabelDemo-Info.plist"; sourceTree = "<group>"; };
		8F13FA5A16E73D7100A60718 /* en */ = {isa = PBXFileReference; lastKnownFileType = text.plist.strings; name = en; path = en.lproj/InfoPlist.strings; sourceTree = "<group>"; };
		8F13FA5C16E73D7100A60718 /* main.m */ = {isa = PBXFileReference; lastKnownFileType = sourcecode.c.objc; path = main.m; sourceTree = "<group>"; };
		8F13FA5E16E73D7100A60718 /* CurvaLabelDemo-Prefix.pch */ = {isa = PBXFileReference; lastKnownFileType = sourcecode.c.h; path = "CurvaLabelDemo-Prefix.pch"; sourceTree = "<group>"; };
		8F13FA5F16E73D7100A60718 /* AppDelegate.h */ = {isa = PBXFileReference; lastKnownFileType = sourcecode.c.h; path = AppDelegate.h; sourceTree = "<group>"; };
		8F13FA6016E73D7200A60718 /* AppDelegate.m */ = {isa = PBXFileReference; lastKnownFileType = sourcecode.c.objc; path = AppDelegate.m; sourceTree = "<group>"; };
		8F13FA6216E73D7200A60718 /* Default.png */ = {isa = PBXFileReference; lastKnownFileType = image.png; path = Default.png; sourceTree = "<group>"; };
		8F13FA6416E73D7200A60718 /* Default@2x.png */ = {isa = PBXFileReference; lastKnownFileType = image.png; path = "Default@2x.png"; sourceTree = "<group>"; };
		8F13FA6616E73D7200A60718 /* Default-568h@2x.png */ = {isa = PBXFileReference; lastKnownFileType = image.png; path = "Default-568h@2x.png"; sourceTree = "<group>"; };
		8F13FA6916E73D7200A60718 /* en */ = {isa = PBXFileReference; lastKnownFileType = file.storyboard; name = en; path = en.lproj/MainStoryboard.storyboard; sourceTree = "<group>"; };
		8F13FA6B16E73D7200A60718 /* ViewController.h */ = {isa = PBXFileReference; lastKnownFileType = sourcecode.c.h; path = ViewController.h; sourceTree = "<group>"; };
		8F13FA6C16E73D7200A60718 /* ViewController.m */ = {isa = PBXFileReference; lastKnownFileType = sourcecode.c.objc; path = ViewController.m; sourceTree = "<group>"; };
		8F13FA7316E73D9100A60718 /* CoreTextArcView.h */ = {isa = PBXFileReference; fileEncoding = 4; lastKnownFileType = sourcecode.c.h; path = CoreTextArcView.h; sourceTree = "<group>"; };
		8F13FA7416E73D9100A60718 /* CoreTextArcView.m */ = {isa = PBXFileReference; fileEncoding = 4; lastKnownFileType = sourcecode.c.objc; path = CoreTextArcView.m; sourceTree = "<group>"; };
		8F13FA7616E73DAA00A60718 /* QuartzCore.framework */ = {isa = PBXFileReference; lastKnownFileType = wrapper.framework; name = QuartzCore.framework; path = System/Library/Frameworks/QuartzCore.framework; sourceTree = SDKROOT; };
		8F13FA7816E73DD300A60718 /* CoreText.framework */ = {isa = PBXFileReference; lastKnownFileType = wrapper.framework; name = CoreText.framework; path = System/Library/Frameworks/CoreText.framework; sourceTree = SDKROOT; };
		8F13FA7A16E74AA200A60718 /* blue_circle.png */ = {isa = PBXFileReference; lastKnownFileType = image.png; path = blue_circle.png; sourceTree = "<group>"; };
/* End PBXFileReference section */

/* Begin PBXFrameworksBuildPhase section */
		8F13FA4916E73D7100A60718 /* Frameworks */ = {
			isa = PBXFrameworksBuildPhase;
			buildActionMask = 2147483647;
			files = (
				8F13FA7916E73DD300A60718 /* CoreText.framework in Frameworks */,
				8F13FA7716E73DAA00A60718 /* QuartzCore.framework in Frameworks */,
				8F13FA5116E73D7100A60718 /* UIKit.framework in Frameworks */,
				8F13FA5316E73D7100A60718 /* Foundation.framework in Frameworks */,
				8F13FA5516E73D7100A60718 /* CoreGraphics.framework in Frameworks */,
			);
			runOnlyForDeploymentPostprocessing = 0;
		};
/* End PBXFrameworksBuildPhase section */

/* Begin PBXGroup section */
		8F13FA4116E73D7100A60718 = {
			isa = PBXGroup;
			children = (
				8F13FA7316E73D9100A60718 /* CoreTextArcView.h */,
				8F13FA7416E73D9100A60718 /* CoreTextArcView.m */,
				8F13FA5616E73D7100A60718 /* CurvaLabelDemo */,
				8F13FA4F16E73D7100A60718 /* Frameworks */,
				8F13FA4D16E73D7100A60718 /* Products */,
			);
			sourceTree = "<group>";
		};
		8F13FA4D16E73D7100A60718 /* Products */ = {
			isa = PBXGroup;
			children = (
				8F13FA4C16E73D7100A60718 /* CurvaLabelDemo.app */,
			);
			name = Products;
			sourceTree = "<group>";
		};
		8F13FA4F16E73D7100A60718 /* Frameworks */ = {
			isa = PBXGroup;
			children = (
				8F13FA7816E73DD300A60718 /* CoreText.framework */,
				8F13FA7616E73DAA00A60718 /* QuartzCore.framework */,
				8F13FA5016E73D7100A60718 /* UIKit.framework */,
				8F13FA5216E73D7100A60718 /* Foundation.framework */,
				8F13FA5416E73D7100A60718 /* CoreGraphics.framework */,
			);
			name = Frameworks;
			sourceTree = "<group>";
		};
		8F13FA5616E73D7100A60718 /* CurvaLabelDemo */ = {
			isa = PBXGroup;
			children = (
				8F13FA5F16E73D7100A60718 /* AppDelegate.h */,
				8F13FA6016E73D7200A60718 /* AppDelegate.m */,
				8F13FA6816E73D7200A60718 /* MainStoryboard.storyboard */,
				8F13FA6B16E73D7200A60718 /* ViewController.h */,
				8F13FA6C16E73D7200A60718 /* ViewController.m */,
				8F13FA5716E73D7100A60718 /* Supporting Files */,
			);
			path = CurvaLabelDemo;
			sourceTree = "<group>";
		};
		8F13FA5716E73D7100A60718 /* Supporting Files */ = {
			isa = PBXGroup;
			children = (
				8F13FA7A16E74AA200A60718 /* blue_circle.png */,
				8F13FA5816E73D7100A60718 /* CurvaLabelDemo-Info.plist */,
				8F13FA5916E73D7100A60718 /* InfoPlist.strings */,
				8F13FA5C16E73D7100A60718 /* main.m */,
				8F13FA5E16E73D7100A60718 /* CurvaLabelDemo-Prefix.pch */,
				8F13FA6216E73D7200A60718 /* Default.png */,
				8F13FA6416E73D7200A60718 /* Default@2x.png */,
				8F13FA6616E73D7200A60718 /* Default-568h@2x.png */,
			);
			name = "Supporting Files";
			sourceTree = "<group>";
		};
/* End PBXGroup section */

/* Begin PBXNativeTarget section */
		8F13FA4B16E73D7100A60718 /* CurvaLabelDemo */ = {
			isa = PBXNativeTarget;
			buildConfigurationList = 8F13FA7016E73D7200A60718 /* Build configuration list for PBXNativeTarget "CurvaLabelDemo" */;
			buildPhases = (
				8F13FA4816E73D7100A60718 /* Sources */,
				8F13FA4916E73D7100A60718 /* Frameworks */,
				8F13FA4A16E73D7100A60718 /* Resources */,
			);
			buildRules = (
			);
			dependencies = (
			);
			name = CurvaLabelDemo;
			productName = CurvaLabelDemo;
			productReference = 8F13FA4C16E73D7100A60718 /* CurvaLabelDemo.app */;
			productType = "com.apple.product-type.application";
		};
/* End PBXNativeTarget section */

/* Begin PBXProject section */
		8F13FA4316E73D7100A60718 /* Project object */ = {
			isa = PBXProject;
			attributes = {
				LastUpgradeCheck = 0450;
				ORGANIZATIONNAME = yuezo.com;
			};
			buildConfigurationList = 8F13FA4616E73D7100A60718 /* Build configuration list for PBXProject "CurvaLabelDemo" */;
			compatibilityVersion = "Xcode 3.2";
			developmentRegion = English;
			hasScannedForEncodings = 0;
			knownRegions = (
				en,
			);
			mainGroup = 8F13FA4116E73D7100A60718;
			productRefGroup = 8F13FA4D16E73D7100A60718 /* Products */;
			projectDirPath = "";
			projectRoot = "";
			targets = (
				8F13FA4B16E73D7100A60718 /* CurvaLabelDemo */,
			);
		};
/* End PBXProject section */

/* Begin PBXResourcesBuildPhase section */
		8F13FA4A16E73D7100A60718 /* Resources */ = {
			isa = PBXResourcesBuildPhase;
			buildActionMask = 2147483647;
			files = (
				8F13FA5B16E73D7100A60718 /* InfoPlist.strings in Resources */,
				8F13FA6316E73D7200A60718 /* Default.png in Resources */,
				8F13FA6516E73D7200A60718 /* Default@2x.png in Resources */,
				8F13FA6716E73D7200A60718 /* Default-568h@2x.png in Resources */,
				8F13FA6A16E73D7200A60718 /* MainStoryboard.storyboard in Resources */,
				8F13FA7B16E74AA200A60718 /* blue_circle.png in Resources */,
			);
			runOnlyForDeploymentPostprocessing = 0;
		};
/* End PBXResourcesBuildPhase section */

/* Begin PBXSourcesBuildPhase section */
		8F13FA4816E73D7100A60718 /* Sources */ = {
			isa = PBXSourcesBuildPhase;
			buildActionMask = 2147483647;
			files = (
				8F13FA5D16E73D7100A60718 /* main.m in Sources */,
				8F13FA6116E73D7200A60718 /* AppDelegate.m in Sources */,
				8F13FA6D16E73D7200A60718 /* ViewController.m in Sources */,
				8F13FA7516E73D9100A60718 /* CoreTextArcView.m in Sources */,
			);
			runOnlyForDeploymentPostprocessing = 0;
		};
/* End PBXSourcesBuildPhase section */

/* Begin PBXVariantGroup section */
		8F13FA5916E73D7100A60718 /* InfoPlist.strings */ = {
			isa = PBXVariantGroup;
			children = (
				8F13FA5A16E73D7100A60718 /* en */,
			);
			name = InfoPlist.strings;
			sourceTree = "<group>";
		};
		8F13FA6816E73D7200A60718 /* MainStoryboard.storyboard */ = {
			isa = PBXVariantGroup;
			children = (
				8F13FA6916E73D7200A60718 /* en */,
			);
			name = MainStoryboard.storyboard;
			sourceTree = "<group>";
		};
/* End PBXVariantGroup section */

/* Begin XCBuildConfiguration section */
		8F13FA6E16E73D7200A60718 /* Debug */ = {
			isa = XCBuildConfiguration;
			buildSettings = {
				ALWAYS_SEARCH_USER_PATHS = NO;
				CLANG_CXX_LANGUAGE_STANDARD = "gnu++0x";
				CLANG_CXX_LIBRARY = "libc++";
				CLANG_WARN_EMPTY_BODY = YES;
				CLANG_WARN__DUPLICATE_METHOD_MATCH = YES;
				"CODE_SIGN_IDENTITY[sdk=iphoneos*]" = "iPhone Developer";
				COPY_PHASE_STRIP = NO;
				GCC_C_LANGUAGE_STANDARD = gnu99;
				GCC_DYNAMIC_NO_PIC = NO;
				GCC_OPTIMIZATION_LEVEL = 0;
				GCC_PREPROCESSOR_DEFINITIONS = (
					"DEBUG=1",
					"$(inherited)",
				);
				GCC_SYMBOLS_PRIVATE_EXTERN = NO;
				GCC_WARN_ABOUT_RETURN_TYPE = YES;
				GCC_WARN_UNINITIALIZED_AUTOS = YES;
				GCC_WARN_UNUSED_VARIABLE = YES;
				IPHONEOS_DEPLOYMENT_TARGET = 6.0;
				ONLY_ACTIVE_ARCH = YES;
				SDKROOT = iphoneos;
			};
			name = Debug;
		};
		8F13FA6F16E73D7200A60718 /* Release */ = {
			isa = XCBuildConfiguration;
			buildSettings = {
				ALWAYS_SEARCH_USER_PATHS = NO;
				CLANG_CXX_LANGUAGE_STANDARD = "gnu++0x";
				CLANG_CXX_LIBRARY = "libc++";
				CLANG_WARN_EMPTY_BODY = YES;
				CLANG_WARN__DUPLICATE_METHOD_MATCH = YES;
				"CODE_SIGN_IDENTITY[sdk=iphoneos*]" = "iPhone Developer";
				COPY_PHASE_STRIP = YES;
				GCC_C_LANGUAGE_STANDARD = gnu99;
				GCC_WARN_ABOUT_RETURN_TYPE = YES;
				GCC_WARN_UNINITIALIZED_AUTOS = YES;
				GCC_WARN_UNUSED_VARIABLE = YES;
				IPHONEOS_DEPLOYMENT_TARGET = 6.0;
				OTHER_CFLAGS = "-DNS_BLOCK_ASSERTIONS=1";
				SDKROOT = iphoneos;
				VALIDATE_PRODUCT = YES;
			};
			name = Release;
		};
		8F13FA7116E73D7200A60718 /* Debug */ = {
			isa = XCBuildConfiguration;
			buildSettings = {
				GCC_PRECOMPILE_PREFIX_HEADER = YES;
				GCC_PREFIX_HEADER = "CurvaLabelDemo/CurvaLabelDemo-Prefix.pch";
				INFOPLIST_FILE = "CurvaLabelDemo/CurvaLabelDemo-Info.plist";
				PRODUCT_NAME = "$(TARGET_NAME)";
				WRAPPER_EXTENSION = app;
			};
			name = Debug;
		};
		8F13FA7216E73D7200A60718 /* Release */ = {
			isa = XCBuildConfiguration;
			buildSettings = {
				GCC_PRECOMPILE_PREFIX_HEADER = YES;
				GCC_PREFIX_HEADER = "CurvaLabelDemo/CurvaLabelDemo-Prefix.pch";
				INFOPLIST_FILE = "CurvaLabelDemo/CurvaLabelDemo-Info.plist";
				PRODUCT_NAME = "$(TARGET_NAME)";
				WRAPPER_EXTENSION = app;
			};
			name = Release;
		};
/* End XCBuildConfiguration section */

/* Begin XCConfigurationList section */
		8F13FA4616E73D7100A60718 /* Build configuration list for PBXProject "CurvaLabelDemo" */ = {
			isa = XCConfigurationList;
			buildConfigurations = (
				8F13FA6E16E73D7200A60718 /* Debug */,
				8F13FA6F16E73D7200A60718 /* Release */,
			);
			defaultConfigurationIsVisible = 0;
			defaultConfigurationName = Release;
		};
		8F13FA7016E73D7200A60718 /* Build configuration list for PBXNativeTarget "CurvaLabelDemo" */ = {
			isa = XCConfigurationList;
			buildConfigurations = (
				8F13FA7116E73D7200A60718 /* Debug */,
				8F13FA7216E73D7200A60718 /* Release */,
			);
			defaultConfigurationIsVisible = 0;
		};
/* End XCConfigurationList section */
	};
	rootObject = 8F13FA4316E73D7100A60718 /* Project object */;
}
